
Microsoft Visual Studio Solution File, Format Version 10.00
# Visual Studio 2008
Project("{8BC9CEB8-8B4A-11D0-8D11-00A0C91BC942}") = "FinalClient", "FinalClient.vcproj", "{E54C942E-2F8B-476C-A453-F2304BAF7F3F}"
EndProject
Global
	GlobalSection(SolutionConfigurationPlatforms) = preSolution
		Debug|Win32 = Debug|Win32
		Release|Win32 = Release|Win32
	EndGlobalSection
	GlobalSection(ProjectConfigurationPlatforms) = postSolution
		{E54C942E-2F8B-476C-A453-F2304BAF7F3F}.Debug|Win32.ActiveCfg = Debug|Win32
		{E54C942E-2F8B-476C-A453-F2304BAF7F3F}.Debug|Win32.Build.0 = Debug|Win32
		{E54C942E-2F8B-476C-A453-F2304BAF7F3F}.Release|Win32.ActiveCfg = Release|Win32
		{E54C942E-2F8B-476C-A453-F2304BAF7F3F}.Release|Win32.Build.0 = Release|Win32
	EndGlobalSection
	GlobalSection(SolutionProperties) = preSolution
		HideSolutionNode = FALSE
	EndGlobalSection
EndGlobal
